
Microsoft Visual Studio Solution File, Format Version 12.00
# Visual Studio 15
VisualStudioVersion = 15.0.26730.12
MinimumVisualStudioVersion = 10.0.40219.1
Project("{FAE04EC0-301F-11D3-BF4B-00C04F79EFBC}") = "AleConsoleApp", "AleConsoleApp\AleConsoleApp.csproj", "{64048FE8-20CA-4DCE-9938-A513C9CF6862}"
EndProject
Global
	GlobalSection(SolutionConfigurationPlatforms) = preSolution
		Debug|Any CPU = Debug|Any CPU
		Release|Any CPU = Release|Any CPU
	EndGlobalSection
	GlobalSection(ProjectConfigurationPlatforms) = postSolution
		{64048FE8-20CA-4DCE-9938-A513C9CF6862}.Debug|Any CPU.ActiveCfg = Debug|Any CPU
		{64048FE8-20CA-4DCE-9938-A513C9CF6862}.Debug|Any CPU.Build.0 = Debug|Any CPU
		{64048FE8-20CA-4DCE-9938-A513C9CF6862}.Release|Any CPU.ActiveCfg = Release|Any CPU
		{64048FE8-20CA-4DCE-9938-A513C9CF6862}.Release|Any CPU.Build.0 = Release|Any CPU
	EndGlobalSection
	GlobalSection(SolutionProperties) = preSolution
		HideSolutionNode = FALSE
	EndGlobalSection
	GlobalSection(ExtensibilityGlobals) = postSolution
		SolutionGuid = {90303D81-4685-4530-AB20-A60C199F7FBE}
	EndGlobalSection
EndGlobal
